// !$*UTF8*$!
{
	archiveVersion = 1;
	classes = {
	};
	objectVersion = 50;
	objects = {

/* Begin PBXBuildFile section */
		F45B001025B1BE4D0030024D /* NavigationBarView.swift in Sources */ = {isa = PBXBuildFile; fileRef = F45B000F25B1BE4D0030024D /* NavigationBarView.swift */; };
		F45B001325B1BFDA0030024D /* LogoView.swift in Sources */ = {isa = PBXBuildFile; fileRef = F45B001225B1BFDA0030024D /* LogoView.swift */; };
		F45B001825B1C6270030024D /* Player.swift in Sources */ = {isa = PBXBuildFile; fileRef = F45B001725B1C6270030024D /* Player.swift */; };
		F45B001B25B1C68D0030024D /* CodableBundleExtension.swift in Sources */ = {isa = PBXBuildFile; fileRef = F45B001A25B1C68D0030024D /* CodableBundleExtension.swift */; };
		F45B001E25B1C8280030024D /* FeaturedItemView.swift in Sources */ = {isa = PBXBuildFile; fileRef = F45B001D25B1C8280030024D /* FeaturedItemView.swift */; };
		F45B002125B1C8EC0030024D /* FeateredTabView.swift in Sources */ = {isa = PBXBuildFile; fileRef = F45B002025B1C8EC0030024D /* FeateredTabView.swift */; };
		F4AD125025AFB0C6008B7F2C /* TouchdownApp.swift in Sources */ = {isa = PBXBuildFile; fileRef = F4AD124F25AFB0C6008B7F2C /* TouchdownApp.swift */; };
		F4AD125225AFB0C6008B7F2C /* ContentView.swift in Sources */ = {isa = PBXBuildFile; fileRef = F4AD125125AFB0C6008B7F2C /* ContentView.swift */; };
		F4AD125425AFB0C6008B7F2C /* Assets.xcassets in Resources */ = {isa = PBXBuildFile; fileRef = F4AD125325AFB0C6008B7F2C /* Assets.xcassets */; };
		F4AD125725AFB0C6008B7F2C /* Preview Assets.xcassets in Resources */ = {isa = PBXBuildFile; fileRef = F4AD125625AFB0C6008B7F2C /* Preview Assets.xcassets */; };
		F4AD126325AFB2F8008B7F2C /* product.json in Resources */ = {isa = PBXBuildFile; fileRef = F4AD125F25AFB2F8008B7F2C /* product.json */; };
		F4AD126425AFB2F8008B7F2C /* category.json in Resources */ = {isa = PBXBuildFile; fileRef = F4AD126025AFB2F8008B7F2C /* category.json */; };
		F4AD126525AFB2F8008B7F2C /* brand.json in Resources */ = {isa = PBXBuildFile; fileRef = F4AD126125AFB2F8008B7F2C /* brand.json */; };
		F4AD126625AFB2F8008B7F2C /* player.json in Resources */ = {isa = PBXBuildFile; fileRef = F4AD126225AFB2F8008B7F2C /* player.json */; };
		F4AD127425AFB58B008B7F2C /* Constant.swift in Sources */ = {isa = PBXBuildFile; fileRef = F4AD127325AFB58B008B7F2C /* Constant.swift */; };
		F4F404ED25B1BA09002CA0C7 /* FooterView.swift in Sources */ = {isa = PBXBuildFile; fileRef = F4F404EC25B1BA09002CA0C7 /* FooterView.swift */; };
/* End PBXBuildFile section */

/* Begin PBXFileReference section */
		F45B000F25B1BE4D0030024D /* NavigationBarView.swift */ = {isa = PBXFileReference; lastKnownFileType = sourcecode.swift; path = NavigationBarView.swift; sourceTree = "<group>"; };
		F45B001225B1BFDA0030024D /* LogoView.swift */ = {isa = PBXFileReference; lastKnownFileType = sourcecode.swift; path = LogoView.swift; sourceTree = "<group>"; };
		F45B001725B1C6270030024D /* Player.swift */ = {isa = PBXFileReference; lastKnownFileType = sourcecode.swift; path = Player.swift; sourceTree = "<group>"; };
		F45B001A25B1C68D0030024D /* CodableBundleExtension.swift */ = {isa = PBXFileReference; lastKnownFileType = sourcecode.swift; path = CodableBundleExtension.swift; sourceTree = "<group>"; };
		F45B001D25B1C8280030024D /* FeaturedItemView.swift */ = {isa = PBXFileReference; lastKnownFileType = sourcecode.swift; path = FeaturedItemView.swift; sourceTree = "<group>"; };
		F45B002025B1C8EC0030024D /* FeateredTabView.swift */ = {isa = PBXFileReference; lastKnownFileType = sourcecode.swift; path = FeateredTabView.swift; sourceTree = "<group>"; };
		F4AD124C25AFB0C6008B7F2C /* Touchdown.app */ = {isa = PBXFileReference; explicitFileType = wrapper.application; includeInIndex = 0; path = Touchdown.app; sourceTree = BUILT_PRODUCTS_DIR; };
		F4AD124F25AFB0C6008B7F2C /* TouchdownApp.swift */ = {isa = PBXFileReference; lastKnownFileType = sourcecode.swift; path = TouchdownApp.swift; sourceTree = "<group>"; };
		F4AD125125AFB0C6008B7F2C /* ContentView.swift */ = {isa = PBXFileReference; lastKnownFileType = sourcecode.swift; path = ContentView.swift; sourceTree = "<group>"; };
		F4AD125325AFB0C6008B7F2C /* Assets.xcassets */ = {isa = PBXFileReference; lastKnownFileType = folder.assetcatalog; path = Assets.xcassets; sourceTree = "<group>"; };
		F4AD125625AFB0C6008B7F2C /* Preview Assets.xcassets */ = {isa = PBXFileReference; lastKnownFileType = folder.assetcatalog; path = "Preview Assets.xcassets"; sourceTree = "<group>"; };
		F4AD125825AFB0C6008B7F2C /* Info.plist */ = {isa = PBXFileReference; lastKnownFileType = text.plist.xml; path = Info.plist; sourceTree = "<group>"; };
		F4AD125F25AFB2F8008B7F2C /* product.json */ = {isa = PBXFileReference; fileEncoding = 4; lastKnownFileType = text.json; path = product.json; sourceTree = "<group>"; };
		F4AD126025AFB2F8008B7F2C /* category.json */ = {isa = PBXFileReference; fileEncoding = 4; lastKnownFileType = text.json; path = category.json; sourceTree = "<group>"; };
		F4AD126125AFB2F8008B7F2C /* brand.json */ = {isa = PBXFileReference; fileEncoding = 4; lastKnownFileType = text.json; path = brand.json; sourceTree = "<group>"; };
		F4AD126225AFB2F8008B7F2C /* player.json */ = {isa = PBXFileReference; fileEncoding = 4; lastKnownFileType = text.json; path = player.json; sourceTree = "<group>"; };
		F4AD127325AFB58B008B7F2C /* Constant.swift */ = {isa = PBXFileReference; lastKnownFileType = sourcecode.swift; path = Constant.swift; sourceTree = "<group>"; };
		F4F404EC25B1BA09002CA0C7 /* FooterView.swift */ = {isa = PBXFileReference; lastKnownFileType = sourcecode.swift; path = FooterView.swift; sourceTree = "<group>"; };
/* End PBXFileReference section */

/* Begin PBXFrameworksBuildPhase section */
		F4AD124925AFB0C6008B7F2C /* Frameworks */ = {
			isa = PBXFrameworksBuildPhase;
			buildActionMask = 2147483647;
			files = (
			);
			runOnlyForDeploymentPostprocessing = 0;
		};
/* End PBXFrameworksBuildPhase section */

/* Begin PBXGroup section */
		F4AD124325AFB0C6008B7F2C = {
			isa = PBXGroup;
			children = (
				F4AD124E25AFB0C6008B7F2C /* Touchdown */,
				F4AD124D25AFB0C6008B7F2C /* Products */,
			);
			sourceTree = "<group>";
		};
		F4AD124D25AFB0C6008B7F2C /* Products */ = {
			isa = PBXGroup;
			children = (
				F4AD124C25AFB0C6008B7F2C /* Touchdown.app */,
			);
			name = Products;
			sourceTree = "<group>";
		};
		F4AD124E25AFB0C6008B7F2C /* Touchdown */ = {
			isa = PBXGroup;
			children = (
				F4AD126B25AFB4BE008B7F2C /* App */,
				F4AD126D25AFB4CD008B7F2C /* View */,
				F4AD126925AFB32C008B7F2C /* Data */,
				F4AD127025AFB500008B7F2C /* Model */,
				F4AD127125AFB509008B7F2C /* Extension */,
				F4AD127225AFB528008B7F2C /* Utility */,
				F4AD125325AFB0C6008B7F2C /* Assets.xcassets */,
				F4AD125825AFB0C6008B7F2C /* Info.plist */,
				F4AD125525AFB0C6008B7F2C /* Preview Content */,
			);
			path = Touchdown;
			sourceTree = "<group>";
		};
		F4AD125525AFB0C6008B7F2C /* Preview Content */ = {
			isa = PBXGroup;
			children = (
				F4AD125625AFB0C6008B7F2C /* Preview Assets.xcassets */,
			);
			path = "Preview Content";
			sourceTree = "<group>";
		};
		F4AD126925AFB32C008B7F2C /* Data */ = {
			isa = PBXGroup;
			children = (
				F4AD126125AFB2F8008B7F2C /* brand.json */,
				F4AD126025AFB2F8008B7F2C /* category.json */,
				F4AD126225AFB2F8008B7F2C /* player.json */,
				F4AD125F25AFB2F8008B7F2C /* product.json */,
			);
			path = Data;
			sourceTree = "<group>";
		};
		F4AD126B25AFB4BE008B7F2C /* App */ = {
			isa = PBXGroup;
			children = (
				F4AD124F25AFB0C6008B7F2C /* TouchdownApp.swift */,
				F4AD125125AFB0C6008B7F2C /* ContentView.swift */,
			);
			path = App;
			sourceTree = "<group>";
		};
		F4AD126D25AFB4CD008B7F2C /* View */ = {
			isa = PBXGroup;
			children = (
				F4AD126F25AFB4E5008B7F2C /* Home */,
				F4AD126E25AFB4DD008B7F2C /* Detail */,
			);
			path = View;
			sourceTree = "<group>";
		};
		F4AD126E25AFB4DD008B7F2C /* Detail */ = {
			isa = PBXGroup;
			children = (
			);
			path = Detail;
			sourceTree = "<group>";
		};
		F4AD126F25AFB4E5008B7F2C /* Home */ = {
			isa = PBXGroup;
			children = (
				F4F404EC25B1BA09002CA0C7 /* FooterView.swift */,
				F45B000F25B1BE4D0030024D /* NavigationBarView.swift */,
				F45B001225B1BFDA0030024D /* LogoView.swift */,
				F45B001D25B1C8280030024D /* FeaturedItemView.swift */,
				F45B002025B1C8EC0030024D /* FeateredTabView.swift */,
			);
			path = Home;
			sourceTree = "<group>";
		};
		F4AD127025AFB500008B7F2C /* Model */ = {
			isa = PBXGroup;
			children = (
				F45B001725B1C6270030024D /* Player.swift */,
			);
			path = Model;
			sourceTree = "<group>";
		};
		F4AD127125AFB509008B7F2C /* Extension */ = {
			isa = PBXGroup;
			children = (
				F45B001A25B1C68D0030024D /* CodableBundleExtension.swift */,
			);
			path = Extension;
			sourceTree = "<group>";
		};
		F4AD127225AFB528008B7F2C /* Utility */ = {
			isa = PBXGroup;
			children = (
				F4AD127325AFB58B008B7F2C /* Constant.swift */,
			);
			path = Utility;
			sourceTree = "<group>";
		};
/* End PBXGroup section */

/* Begin PBXNativeTarget section */
		F4AD124B25AFB0C6008B7F2C /* Touchdown */ = {
			isa = PBXNativeTarget;
			buildConfigurationList = F4AD125B25AFB0C6008B7F2C /* Build configuration list for PBXNativeTarget "Touchdown" */;
			buildPhases = (
				F4AD124825AFB0C6008B7F2C /* Sources */,
				F4AD124925AFB0C6008B7F2C /* Frameworks */,
				F4AD124A25AFB0C6008B7F2C /* Resources */,
			);
			buildRules = (
			);
			dependencies = (
			);
			name = Touchdown;
			productName = Touchdown;
			productReference = F4AD124C25AFB0C6008B7F2C /* Touchdown.app */;
			productType = "com.apple.product-type.application";
		};
/* End PBXNativeTarget section */

/* Begin PBXProject section */
		F4AD124425AFB0C6008B7F2C /* Project object */ = {
			isa = PBXProject;
			attributes = {
				LastSwiftUpdateCheck = 1230;
				LastUpgradeCheck = 1230;
				TargetAttributes = {
					F4AD124B25AFB0C6008B7F2C = {
						CreatedOnToolsVersion = 12.3;
					};
				};
			};
			buildConfigurationList = F4AD124725AFB0C6008B7F2C /* Build configuration list for PBXProject "Touchdown" */;
			compatibilityVersion = "Xcode 9.3";
			developmentRegion = en;
			hasScannedForEncodings = 0;
			knownRegions = (
				en,
				Base,
			);
			mainGroup = F4AD124325AFB0C6008B7F2C;
			productRefGroup = F4AD124D25AFB0C6008B7F2C /* Products */;
			projectDirPath = "";
			projectRoot = "";
			targets = (
				F4AD124B25AFB0C6008B7F2C /* Touchdown */,
			);
		};
/* End PBXProject section */

/* Begin PBXResourcesBuildPhase section */
		F4AD124A25AFB0C6008B7F2C /* Resources */ = {
			isa = PBXResourcesBuildPhase;
			buildActionMask = 2147483647;
			files = (
				F4AD126625AFB2F8008B7F2C /* player.json in Resources */,
				F4AD125725AFB0C6008B7F2C /* Preview Assets.xcassets in Resources */,
				F4AD126525AFB2F8008B7F2C /* brand.json in Resources */,
				F4AD125425AFB0C6008B7F2C /* Assets.xcassets in Resources */,
				F4AD126325AFB2F8008B7F2C /* product.json in Resources */,
				F4AD126425AFB2F8008B7F2C /* category.json in Resources */,
			);
			runOnlyForDeploymentPostprocessing = 0;
		};
/* End PBXResourcesBuildPhase section */

/* Begin PBXSourcesBuildPhase section */
		F4AD124825AFB0C6008B7F2C /* Sources */ = {
			isa = PBXSourcesBuildPhase;
			buildActionMask = 2147483647;
			files = (
				F45B001B25B1C68D0030024D /* CodableBundleExtension.swift in Sources */,
				F4AD125225AFB0C6008B7F2C /* ContentView.swift in Sources */,
				F45B001325B1BFDA0030024D /* LogoView.swift in Sources */,
				F4F404ED25B1BA09002CA0C7 /* FooterView.swift in Sources */,
				F45B002125B1C8EC0030024D /* FeateredTabView.swift in Sources */,
				F45B001E25B1C8280030024D /* FeaturedItemView.swift in Sources */,
				F4AD125025AFB0C6008B7F2C /* TouchdownApp.swift in Sources */,
				F45B001825B1C6270030024D /* Player.swift in Sources */,
				F4AD127425AFB58B008B7F2C /* Constant.swift in Sources */,
				F45B001025B1BE4D0030024D /* NavigationBarView.swift in Sources */,
			);
			runOnlyForDeploymentPostprocessing = 0;
		};
/* End PBXSourcesBuildPhase section */

/* Begin XCBuildConfiguration section */
		F4AD125925AFB0C6008B7F2C /* Debug */ = {
			isa = XCBuildConfiguration;
			buildSettings = {
				ALWAYS_SEARCH_USER_PATHS = NO;
				CLANG_ANALYZER_NONNULL = YES;
				CLANG_ANALYZER_NUMBER_OBJECT_CONVERSION = YES_AGGRESSIVE;
				CLANG_CXX_LANGUAGE_STANDARD = "gnu++14";
				CLANG_CXX_LIBRARY = "libc++";
				CLANG_ENABLE_MODULES = YES;
				CLANG_ENABLE_OBJC_ARC = YES;
				CLANG_ENABLE_OBJC_WEAK = YES;
				CLANG_WARN_BLOCK_CAPTURE_AUTORELEASING = YES;
				CLANG_WARN_BOOL_CONVERSION = YES;
				CLANG_WARN_COMMA = YES;
				CLANG_WARN_CONSTANT_CONVERSION = YES;
				CLANG_WARN_DEPRECATED_OBJC_IMPLEMENTATIONS = YES;
				CLANG_WARN_DIRECT_OBJC_ISA_USAGE = YES_ERROR;
				CLANG_WARN_DOCUMENTATION_COMMENTS = YES;
				CLANG_WARN_EMPTY_BODY = YES;
				CLANG_WARN_ENUM_CONVERSION = YES;
				CLANG_WARN_INFINITE_RECURSION = YES;
				CLANG_WARN_INT_CONVERSION = YES;
				CLANG_WARN_NON_LITERAL_NULL_CONVERSION = YES;
				CLANG_WARN_OBJC_IMPLICIT_RETAIN_SELF = YES;
				CLANG_WARN_OBJC_LITERAL_CONVERSION = YES;
				CLANG_WARN_OBJC_ROOT_CLASS = YES_ERROR;
				CLANG_WARN_QUOTED_INCLUDE_IN_FRAMEWORK_HEADER = YES;
				CLANG_WARN_RANGE_LOOP_ANALYSIS = YES;
				CLANG_WARN_STRICT_PROTOTYPES = YES;
				CLANG_WARN_SUSPICIOUS_MOVE = YES;
				CLANG_WARN_UNGUARDED_AVAILABILITY = YES_AGGRESSIVE;
				CLANG_WARN_UNREACHABLE_CODE = YES;
				CLANG_WARN__DUPLICATE_METHOD_MATCH = YES;
				COPY_PHASE_STRIP = NO;
				DEBUG_INFORMATION_FORMAT = dwarf;
				ENABLE_STRICT_OBJC_MSGSEND = YES;
				ENABLE_TESTABILITY = YES;
				GCC_C_LANGUAGE_STANDARD = gnu11;
				GCC_DYNAMIC_NO_PIC = NO;
				GCC_NO_COMMON_BLOCKS = YES;
				GCC_OPTIMIZATION_LEVEL = 0;
				GCC_PREPROCESSOR_DEFINITIONS = (
					"DEBUG=1",
					"$(inherited)",
				);
				GCC_WARN_64_TO_32_BIT_CONVERSION = YES;
				GCC_WARN_ABOUT_RETURN_TYPE = YES_ERROR;
				GCC_WARN_UNDECLARED_SELECTOR = YES;
				GCC_WARN_UNINITIALIZED_AUTOS = YES_AGGRESSIVE;
				GCC_WARN_UNUSED_FUNCTION = YES;
				GCC_WARN_UNUSED_VARIABLE = YES;
				IPHONEOS_DEPLOYMENT_TARGET = 14.3;
				MTL_ENABLE_DEBUG_INFO = INCLUDE_SOURCE;
				MTL_FAST_MATH = YES;
				ONLY_ACTIVE_ARCH = YES;
				SDKROOT = iphoneos;
				SWIFT_ACTIVE_COMPILATION_CONDITIONS = DEBUG;
				SWIFT_OPTIMIZATION_LEVEL = "-Onone";
			};
			name = Debug;
		};
		F4AD125A25AFB0C6008B7F2C /* Release */ = {
			isa = XCBuildConfiguration;
			buildSettings = {
				ALWAYS_SEARCH_USER_PATHS = NO;
				CLANG_ANALYZER_NONNULL = YES;
				CLANG_ANALYZER_NUMBER_OBJECT_CONVERSION = YES_AGGRESSIVE;
				CLANG_CXX_LANGUAGE_STANDARD = "gnu++14";
				CLANG_CXX_LIBRARY = "libc++";
				CLANG_ENABLE_MODULES = YES;
				CLANG_ENABLE_OBJC_ARC = YES;
				CLANG_ENABLE_OBJC_WEAK = YES;
				CLANG_WARN_BLOCK_CAPTURE_AUTORELEASING = YES;
				CLANG_WARN_BOOL_CONVERSION = YES;
				CLANG_WARN_COMMA = YES;
				CLANG_WARN_CONSTANT_CONVERSION = YES;
				CLANG_WARN_DEPRECATED_OBJC_IMPLEMENTATIONS = YES;
				CLANG_WARN_DIRECT_OBJC_ISA_USAGE = YES_ERROR;
				CLANG_WARN_DOCUMENTATION_COMMENTS = YES;
				CLANG_WARN_EMPTY_BODY = YES;
				CLANG_WARN_ENUM_CONVERSION = YES;
				CLANG_WARN_INFINITE_RECURSION = YES;
				CLANG_WARN_INT_CONVERSION = YES;
				CLANG_WARN_NON_LITERAL_NULL_CONVERSION = YES;
				CLANG_WARN_OBJC_IMPLICIT_RETAIN_SELF = YES;
				CLANG_WARN_OBJC_LITERAL_CONVERSION = YES;
				CLANG_WARN_OBJC_ROOT_CLASS = YES_ERROR;
				CLANG_WARN_QUOTED_INCLUDE_IN_FRAMEWORK_HEADER = YES;
				CLANG_WARN_RANGE_LOOP_ANALYSIS = YES;
				CLANG_WARN_STRICT_PROTOTYPES = YES;
				CLANG_WARN_SUSPICIOUS_MOVE = YES;
				CLANG_WARN_UNGUARDED_AVAILABILITY = YES_AGGRESSIVE;
				CLANG_WARN_UNREACHABLE_CODE = YES;
				CLANG_WARN__DUPLICATE_METHOD_MATCH = YES;
				COPY_PHASE_STRIP = NO;
				DEBUG_INFORMATION_FORMAT = "dwarf-with-dsym";
				ENABLE_NS_ASSERTIONS = NO;
				ENABLE_STRICT_OBJC_MSGSEND = YES;
				GCC_C_LANGUAGE_STANDARD = gnu11;
				GCC_NO_COMMON_BLOCKS = YES;
				GCC_WARN_64_TO_32_BIT_CONVERSION = YES;
				GCC_WARN_ABOUT_RETURN_TYPE = YES_ERROR;
				GCC_WARN_UNDECLARED_SELECTOR = YES;
				GCC_WARN_UNINITIALIZED_AUTOS = YES_AGGRESSIVE;
				GCC_WARN_UNUSED_FUNCTION = YES;
				GCC_WARN_UNUSED_VARIABLE = YES;
				IPHONEOS_DEPLOYMENT_TARGET = 14.3;
				MTL_ENABLE_DEBUG_INFO = NO;
				MTL_FAST_MATH = YES;
				SDKROOT = iphoneos;
				SWIFT_COMPILATION_MODE = wholemodule;
				SWIFT_OPTIMIZATION_LEVEL = "-O";
				VALIDATE_PRODUCT = YES;
			};
			name = Release;
		};
		F4AD125C25AFB0C6008B7F2C /* Debug */ = {
			isa = XCBuildConfiguration;
			buildSettings = {
				ASSETCATALOG_COMPILER_APPICON_NAME = AppIcon;
				ASSETCATALOG_COMPILER_GLOBAL_ACCENT_COLOR_NAME = AccentColor;
				CODE_SIGN_STYLE = Automatic;
				DEVELOPMENT_ASSET_PATHS = "\"Touchdown/Preview Content\"";
				DEVELOPMENT_TEAM = 4SKJAJR837;
				ENABLE_PREVIEWS = YES;
				INFOPLIST_FILE = Touchdown/Info.plist;
				IPHONEOS_DEPLOYMENT_TARGET = 14.0;
				LD_RUNPATH_SEARCH_PATHS = (
					"$(inherited)",
					"@executable_path/Frameworks",
				);
				PRODUCT_BUNDLE_IDENTIFIER = com.poddlybonk.Touchdown;
				PRODUCT_NAME = "$(TARGET_NAME)";
				SWIFT_VERSION = 5.0;
				TARGETED_DEVICE_FAMILY = "1,2";
			};
			name = Debug;
		};
		F4AD125D25AFB0C6008B7F2C /* Release */ = {
			isa = XCBuildConfiguration;
			buildSettings = {
				ASSETCATALOG_COMPILER_APPICON_NAME = AppIcon;
				ASSETCATALOG_COMPILER_GLOBAL_ACCENT_COLOR_NAME = AccentColor;
				CODE_SIGN_STYLE = Automatic;
				DEVELOPMENT_ASSET_PATHS = "\"Touchdown/Preview Content\"";
				DEVELOPMENT_TEAM = 4SKJAJR837;
				ENABLE_PREVIEWS = YES;
				INFOPLIST_FILE = Touchdown/Info.plist;
				IPHONEOS_DEPLOYMENT_TARGET = 14.0;
				LD_RUNPATH_SEARCH_PATHS = (
					"$(inherited)",
					"@executable_path/Frameworks",
				);
				PRODUCT_BUNDLE_IDENTIFIER = com.poddlybonk.Touchdown;
				PRODUCT_NAME = "$(TARGET_NAME)";
				SWIFT_VERSION = 5.0;
				TARGETED_DEVICE_FAMILY = "1,2";
			};
			name = Release;
		};
/* End XCBuildConfiguration section */

/* Begin XCConfigurationList section */
		F4AD124725AFB0C6008B7F2C /* Build configuration list for PBXProject "Touchdown" */ = {
			isa = XCConfigurationList;
			buildConfigurations = (
				F4AD125925AFB0C6008B7F2C /* Debug */,
				F4AD125A25AFB0C6008B7F2C /* Release */,
			);
			defaultConfigurationIsVisible = 0;
			defaultConfigurationName = Release;
		};
		F4AD125B25AFB0C6008B7F2C /* Build configuration list for PBXNativeTarget "Touchdown" */ = {
			isa = XCConfigurationList;
			buildConfigurations = (
				F4AD125C25AFB0C6008B7F2C /* Debug */,
				F4AD125D25AFB0C6008B7F2C /* Release */,
			);
			defaultConfigurationIsVisible = 0;
			defaultConfigurationName = Release;
		};
/* End XCConfigurationList section */
	};
	rootObject = F4AD124425AFB0C6008B7F2C /* Project object */;
}
